
Microsoft Visual Studio Solution File, Format Version 12.00
# Visual Studio Version 17
VisualStudioVersion = 17.5.002.0
MinimumVisualStudioVersion = 10.0.40219.1
Project("{9A19103F-16F7-4668-BE54-9A1E7A4F7556}") = "CsharpProjects", "CsharpProjects.csproj", "{16458905-53E6-4B41-A8E4-734CA14958EF}"
EndProject
Global
	GlobalSection(SolutionConfigurationPlatforms) = preSolution
		Debug|Any CPU = Debug|Any CPU
		Release|Any CPU = Release|Any CPU
	EndGlobalSection
	GlobalSection(ProjectConfigurationPlatforms) = postSolution
		{16458905-53E6-4B41-A8E4-734CA14958EF}.Debug|Any CPU.ActiveCfg = Debug|Any CPU
		{16458905-53E6-4B41-A8E4-734CA14958EF}.Debug|Any CPU.Build.0 = Debug|Any CPU
		{16458905-53E6-4B41-A8E4-734CA14958EF}.Release|Any CPU.ActiveCfg = Release|Any CPU
		{16458905-53E6-4B41-A8E4-734CA14958EF}.Release|Any CPU.Build.0 = Release|Any CPU
	EndGlobalSection
	GlobalSection(SolutionProperties) = preSolution
		HideSolutionNode = FALSE
	EndGlobalSection
	GlobalSection(ExtensibilityGlobals) = postSolution
		SolutionGuid = {130312CE-E97F-48EC-8C2A-AC8879A0361D}
	EndGlobalSection
EndGlobal
